
Microsoft Visual Studio Solution File, Format Version 12.00
# Visual Studio Version 17
VisualStudioVersion = 17.14.36518.9 d17.14
MinimumVisualStudioVersion = 10.0.40219.1
Project("{FAE04EC0-301F-11D3-BF4B-00C04F79EFBC}") = "lab_3", "lab_3\lab_3.csproj", "{094A2A36-A293-4C76-AF89-D83C3FB9490B}"
EndProject
Global
	GlobalSection(SolutionConfigurationPlatforms) = preSolution
		Debug|Any CPU = Debug|Any CPU
		Release|Any CPU = Release|Any CPU
	EndGlobalSection
	GlobalSection(ProjectConfigurationPlatforms) = postSolution
		{094A2A36-A293-4C76-AF89-D83C3FB9490B}.Debug|Any CPU.ActiveCfg = Debug|Any CPU
		{094A2A36-A293-4C76-AF89-D83C3FB9490B}.Debug|Any CPU.Build.0 = Debug|Any CPU
		{094A2A36-A293-4C76-AF89-D83C3FB9490B}.Release|Any CPU.ActiveCfg = Release|Any CPU
		{094A2A36-A293-4C76-AF89-D83C3FB9490B}.Release|Any CPU.Build.0 = Release|Any CPU
	EndGlobalSection
	GlobalSection(SolutionProperties) = preSolution
		HideSolutionNode = FALSE
	EndGlobalSection
	GlobalSection(ExtensibilityGlobals) = postSolution
		SolutionGuid = {BD3AA7B7-DFA9-4667-9213-FA1EF7A1F82B}
	EndGlobalSection
EndGlobal
